
Microsoft Visual Studio Solution File, Format Version 12.00
# Visual Studio Version 17
VisualStudioVersion = 17.4.33205.214
MinimumVisualStudioVersion = 10.0.40219.1
Project("{FAE04EC0-301F-11D3-BF4B-00C04F79EFBC}") = "NumerosPositivos", "NumerosPositivos.csproj", "{4D429600-AA0C-48A1-BF48-C1FCEB6CC670}"
EndProject
Global
	GlobalSection(SolutionConfigurationPlatforms) = preSolution
		Debug|Any CPU = Debug|Any CPU
		Release|Any CPU = Release|Any CPU
	EndGlobalSection
	GlobalSection(ProjectConfigurationPlatforms) = postSolution
		{4D429600-AA0C-48A1-BF48-C1FCEB6CC670}.Debug|Any CPU.ActiveCfg = Debug|Any CPU
		{4D429600-AA0C-48A1-BF48-C1FCEB6CC670}.Debug|Any CPU.Build.0 = Debug|Any CPU
		{4D429600-AA0C-48A1-BF48-C1FCEB6CC670}.Release|Any CPU.ActiveCfg = Release|Any CPU
		{4D429600-AA0C-48A1-BF48-C1FCEB6CC670}.Release|Any CPU.Build.0 = Release|Any CPU
	EndGlobalSection
	GlobalSection(SolutionProperties) = preSolution
		HideSolutionNode = FALSE
	EndGlobalSection
	GlobalSection(ExtensibilityGlobals) = postSolution
		SolutionGuid = {57E75717-8C3B-463B-AAE5-4203C141B164}
	EndGlobalSection
EndGlobal
